
Microsoft Visual Studio Solution File, Format Version 12.00
# Visual Studio Version 17
VisualStudioVersion = 17.2.32519.379
MinimumVisualStudioVersion = 10.0.40219.1
Project("{9A19103F-16F7-4668-BE54-9A1E7A4F7556}") = "BlazorServerCRUD", "BlazorServerCRUD\BlazorServerCRUD.csproj", "{80730B1B-40A9-4FE0-BAD5-B09B37EBC96E}"
EndProject
Project("{FAE04EC0-301F-11D3-BF4B-00C04F79EFBC}") = "API", "API\API.csproj", "{A8859908-1760-49D8-853B-D807CEE128C4}"
EndProject
Project("{FAE04EC0-301F-11D3-BF4B-00C04F79EFBC}") = "Shared", "Shared\Shared.csproj", "{4FDD43DF-326E-44BE-A668-DC98E9E14803}"
EndProject
Global
	GlobalSection(SolutionConfigurationPlatforms) = preSolution
		Debug|Any CPU = Debug|Any CPU
		Release|Any CPU = Release|Any CPU
	EndGlobalSection
	GlobalSection(ProjectConfigurationPlatforms) = postSolution
		{80730B1B-40A9-4FE0-BAD5-B09B37EBC96E}.Debug|Any CPU.ActiveCfg = Debug|Any CPU
		{80730B1B-40A9-4FE0-BAD5-B09B37EBC96E}.Debug|Any CPU.Build.0 = Debug|Any CPU
		{80730B1B-40A9-4FE0-BAD5-B09B37EBC96E}.Release|Any CPU.ActiveCfg = Release|Any CPU
		{80730B1B-40A9-4FE0-BAD5-B09B37EBC96E}.Release|Any CPU.Build.0 = Release|Any CPU
		{A8859908-1760-49D8-853B-D807CEE128C4}.Debug|Any CPU.ActiveCfg = Debug|Any CPU
		{A8859908-1760-49D8-853B-D807CEE128C4}.Debug|Any CPU.Build.0 = Debug|Any CPU
		{A8859908-1760-49D8-853B-D807CEE128C4}.Release|Any CPU.ActiveCfg = Release|Any CPU
		{A8859908-1760-49D8-853B-D807CEE128C4}.Release|Any CPU.Build.0 = Release|Any CPU
		{4FDD43DF-326E-44BE-A668-DC98E9E14803}.Debug|Any CPU.ActiveCfg = Debug|Any CPU
		{4FDD43DF-326E-44BE-A668-DC98E9E14803}.Debug|Any CPU.Build.0 = Debug|Any CPU
		{4FDD43DF-326E-44BE-A668-DC98E9E14803}.Release|Any CPU.ActiveCfg = Release|Any CPU
		{4FDD43DF-326E-44BE-A668-DC98E9E14803}.Release|Any CPU.Build.0 = Release|Any CPU
	EndGlobalSection
	GlobalSection(SolutionProperties) = preSolution
		HideSolutionNode = FALSE
	EndGlobalSection
	GlobalSection(ExtensibilityGlobals) = postSolution
		SolutionGuid = {4FF9C649-222A-4A97-ACDB-510F9E477711}
	EndGlobalSection
EndGlobal
